
Microsoft Visual Studio Solution File, Format Version 12.00
# Visual Studio 15
VisualStudioVersion = 15.0.27004.2006
MinimumVisualStudioVersion = 10.0.40219.1
Project("{FAE04EC0-301F-11D3-BF4B-00C04F79EFBC}") = "TransientFaults", "TransientFaults\TransientFaults.csproj", "{1131A95E-9F70-4659-AF3D-1406F1ACBC98}"
EndProject
Global
	GlobalSection(SolutionConfigurationPlatforms) = preSolution
		Debug|Any CPU = Debug|Any CPU
		Release|Any CPU = Release|Any CPU
	EndGlobalSection
	GlobalSection(ProjectConfigurationPlatforms) = postSolution
		{1131A95E-9F70-4659-AF3D-1406F1ACBC98}.Debug|Any CPU.ActiveCfg = Debug|Any CPU
		{1131A95E-9F70-4659-AF3D-1406F1ACBC98}.Debug|Any CPU.Build.0 = Debug|Any CPU
		{1131A95E-9F70-4659-AF3D-1406F1ACBC98}.Release|Any CPU.ActiveCfg = Release|Any CPU
		{1131A95E-9F70-4659-AF3D-1406F1ACBC98}.Release|Any CPU.Build.0 = Release|Any CPU
	EndGlobalSection
	GlobalSection(SolutionProperties) = preSolution
		HideSolutionNode = FALSE
	EndGlobalSection
	GlobalSection(ExtensibilityGlobals) = postSolution
		SolutionGuid = {02A96CE6-B03A-491C-852C-2CF5D8ACB204}
	EndGlobalSection
EndGlobal
